
Microsoft Visual Studio Solution File, Format Version 12.00
# Visual Studio Version 17
VisualStudioVersion = 17.4.33403.182
MinimumVisualStudioVersion = 10.0.40219.1
Project("{FAE04EC0-301F-11D3-BF4B-00C04F79EFBC}") = "KursovayaV5", "KursovayaV5\KursovayaV5.csproj", "{B5ACDF66-A155-4B74-86DC-C5E9FC5441CE}"
EndProject
Global
	GlobalSection(SolutionConfigurationPlatforms) = preSolution
		Debug|Any CPU = Debug|Any CPU
		Release|Any CPU = Release|Any CPU
	EndGlobalSection
	GlobalSection(ProjectConfigurationPlatforms) = postSolution
		{B5ACDF66-A155-4B74-86DC-C5E9FC5441CE}.Debug|Any CPU.ActiveCfg = Debug|Any CPU
		{B5ACDF66-A155-4B74-86DC-C5E9FC5441CE}.Debug|Any CPU.Build.0 = Debug|Any CPU
		{B5ACDF66-A155-4B74-86DC-C5E9FC5441CE}.Release|Any CPU.ActiveCfg = Release|Any CPU
		{B5ACDF66-A155-4B74-86DC-C5E9FC5441CE}.Release|Any CPU.Build.0 = Release|Any CPU
	EndGlobalSection
	GlobalSection(SolutionProperties) = preSolution
		HideSolutionNode = FALSE
	EndGlobalSection
	GlobalSection(ExtensibilityGlobals) = postSolution
		SolutionGuid = {42EFA064-7808-480E-8E6F-D21ADEDE7DD1}
	EndGlobalSection
EndGlobal
