
Microsoft Visual Studio Solution File, Format Version 12.00
# Visual Studio Version 17
VisualStudioVersion = 17.4.33403.182
MinimumVisualStudioVersion = 10.0.40219.1
Project("{FAE04EC0-301F-11D3-BF4B-00C04F79EFBC}") = "Lab_3_TP_WPF", "Lab_3_TP_WPF\Lab_3_TP_WPF.csproj", "{006C97B6-1F7D-4212-9C76-74FC9188DB00}"
EndProject
Global
	GlobalSection(SolutionConfigurationPlatforms) = preSolution
		Debug|Any CPU = Debug|Any CPU
		Release|Any CPU = Release|Any CPU
	EndGlobalSection
	GlobalSection(ProjectConfigurationPlatforms) = postSolution
		{006C97B6-1F7D-4212-9C76-74FC9188DB00}.Debug|Any CPU.ActiveCfg = Debug|Any CPU
		{006C97B6-1F7D-4212-9C76-74FC9188DB00}.Debug|Any CPU.Build.0 = Debug|Any CPU
		{006C97B6-1F7D-4212-9C76-74FC9188DB00}.Release|Any CPU.ActiveCfg = Release|Any CPU
		{006C97B6-1F7D-4212-9C76-74FC9188DB00}.Release|Any CPU.Build.0 = Release|Any CPU
	EndGlobalSection
	GlobalSection(SolutionProperties) = preSolution
		HideSolutionNode = FALSE
	EndGlobalSection
	GlobalSection(ExtensibilityGlobals) = postSolution
		SolutionGuid = {884513D2-1812-41F2-9D8F-ADE575BD3B00}
	EndGlobalSection
EndGlobal
