
Microsoft Visual Studio Solution File, Format Version 12.00
# Visual Studio Version 17
VisualStudioVersion = 17.4.33403.182
MinimumVisualStudioVersion = 10.0.40219.1
Project("{FAE04EC0-301F-11D3-BF4B-00C04F79EFBC}") = "Lab5_tp", "Lab5_tp\Lab5_tp.csproj", "{55D4AA05-34B8-4A23-9FEB-AF4F10E83481}"
EndProject
Global
	GlobalSection(SolutionConfigurationPlatforms) = preSolution
		Debug|Any CPU = Debug|Any CPU
		Release|Any CPU = Release|Any CPU
	EndGlobalSection
	GlobalSection(ProjectConfigurationPlatforms) = postSolution
		{55D4AA05-34B8-4A23-9FEB-AF4F10E83481}.Debug|Any CPU.ActiveCfg = Debug|Any CPU
		{55D4AA05-34B8-4A23-9FEB-AF4F10E83481}.Debug|Any CPU.Build.0 = Debug|Any CPU
		{55D4AA05-34B8-4A23-9FEB-AF4F10E83481}.Release|Any CPU.ActiveCfg = Release|Any CPU
		{55D4AA05-34B8-4A23-9FEB-AF4F10E83481}.Release|Any CPU.Build.0 = Release|Any CPU
	EndGlobalSection
	GlobalSection(SolutionProperties) = preSolution
		HideSolutionNode = FALSE
	EndGlobalSection
	GlobalSection(ExtensibilityGlobals) = postSolution
		SolutionGuid = {A63AB6D5-5B05-41CB-AD02-D8B65395F341}
	EndGlobalSection
EndGlobal
